
Microsoft Visual Studio Solution File, Format Version 12.00
# Visual Studio Version 17
VisualStudioVersion = 17.1.32210.238
MinimumVisualStudioVersion = 10.0.40219.1
Project("{9A19103F-16F7-4668-BE54-9A1E7A4F7556}") = "NServiceBus.AzureFunctions.Worker.ServiceBus", "NServiceBus.AzureFunctions.Worker.ServiceBus\NServiceBus.AzureFunctions.Worker.ServiceBus.csproj", "{0AD2504C-6FCC-4BDD-A718-AF047D5BBB14}"
EndProject
Project("{9A19103F-16F7-4668-BE54-9A1E7A4F7556}") = "NServiceBus.AzureFunctions.Worker.SourceGenerator", "NServiceBus.AzureFunctions.Worker.SourceGenerator\NServiceBus.AzureFunctions.Worker.SourceGenerator.csproj", "{C846C538-ECA7-45F2-BE6E-C1A5EA954332}"
EndProject
Project("{9A19103F-16F7-4668-BE54-9A1E7A4F7556}") = "NServiceBus.AzureFunctions.Worker.SourceGenerator.Tests", "NServiceBus.AzureFunctions.Worker.SourceGenerator.Tests\NServiceBus.AzureFunctions.Worker.SourceGenerator.Tests.csproj", "{793A80ED-4B49-49C6-BBC9-DB1C31EC8E0C}"
EndProject
Project("{9A19103F-16F7-4668-BE54-9A1E7A4F7556}") = "NServiceBus.AzureFunctions.Worker.ServiceBus.Tests", "NServiceBus.AzureFunctions.Worker.ServiceBus.Tests\NServiceBus.AzureFunctions.Worker.ServiceBus.Tests.csproj", "{F633D697-A8E6-49E2-8ACE-28598B5839A8}"
EndProject
Project("{2150E333-8FDC-42A3-9474-1A3956D46DE8}") = "Solution Items", "Solution Items", "{9FA22DCC-F27C-473A-8452-7893E25F16F1}"
	ProjectSection(SolutionItems) = preProject
		Custom.Build.props = Custom.Build.props
	EndProjectSection
EndProject
Global
	GlobalSection(SolutionConfigurationPlatforms) = preSolution
		Debug|Any CPU = Debug|Any CPU
		Release|Any CPU = Release|Any CPU
	EndGlobalSection
	GlobalSection(ProjectConfigurationPlatforms) = postSolution
		{0AD2504C-6FCC-4BDD-A718-AF047D5BBB14}.Debug|Any CPU.ActiveCfg = Debug|Any CPU
		{0AD2504C-6FCC-4BDD-A718-AF047D5BBB14}.Debug|Any CPU.Build.0 = Debug|Any CPU
		{0AD2504C-6FCC-4BDD-A718-AF047D5BBB14}.Release|Any CPU.ActiveCfg = Release|Any CPU
		{0AD2504C-6FCC-4BDD-A718-AF047D5BBB14}.Release|Any CPU.Build.0 = Release|Any CPU
		{C846C538-ECA7-45F2-BE6E-C1A5EA954332}.Debug|Any CPU.ActiveCfg = Debug|Any CPU
		{C846C538-ECA7-45F2-BE6E-C1A5EA954332}.Debug|Any CPU.Build.0 = Debug|Any CPU
		{C846C538-ECA7-45F2-BE6E-C1A5EA954332}.Release|Any CPU.ActiveCfg = Release|Any CPU
		{C846C538-ECA7-45F2-BE6E-C1A5EA954332}.Release|Any CPU.Build.0 = Release|Any CPU
		{793A80ED-4B49-49C6-BBC9-DB1C31EC8E0C}.Debug|Any CPU.ActiveCfg = Debug|Any CPU
		{793A80ED-4B49-49C6-BBC9-DB1C31EC8E0C}.Debug|Any CPU.Build.0 = Debug|Any CPU
		{793A80ED-4B49-49C6-BBC9-DB1C31EC8E0C}.Release|Any CPU.ActiveCfg = Release|Any CPU
		{793A80ED-4B49-49C6-BBC9-DB1C31EC8E0C}.Release|Any CPU.Build.0 = Release|Any CPU
		{F633D697-A8E6-49E2-8ACE-28598B5839A8}.Debug|Any CPU.ActiveCfg = Debug|Any CPU
		{F633D697-A8E6-49E2-8ACE-28598B5839A8}.Debug|Any CPU.Build.0 = Debug|Any CPU
		{F633D697-A8E6-49E2-8ACE-28598B5839A8}.Release|Any CPU.ActiveCfg = Release|Any CPU
		{F633D697-A8E6-49E2-8ACE-28598B5839A8}.Release|Any CPU.Build.0 = Release|Any CPU
	EndGlobalSection
	GlobalSection(SolutionProperties) = preSolution
		HideSolutionNode = FALSE
	EndGlobalSection
	GlobalSection(ExtensibilityGlobals) = postSolution
		SolutionGuid = {56281E85-C09D-4DCA-8182-E00DA231449F}
	EndGlobalSection
EndGlobal
